// !$*UTF8*$!
{
	archiveVersion = 1;
	classes = {
	};
	objectVersion = 56;
	objects = {

/* Begin PBXBuildFile section */
		FBECDEC42BD25B6F005B11B7 /* AppDelegate.swift in Sources */ = {isa = PBXBuildFile; fileRef = FBECDEC32BD25B6F005B11B7 /* AppDelegate.swift */; };
		FBECDEC62BD25B6F005B11B7 /* SceneDelegate.swift in Sources */ = {isa = PBXBuildFile; fileRef = FBECDEC52BD25B6F005B11B7 /* SceneDelegate.swift */; };
		FBECDEC82BD25B6F005B11B7 /* NewsPageViewController.swift in Sources */ = {isa = PBXBuildFile; fileRef = FBECDEC72BD25B6F005B11B7 /* NewsPageViewController.swift */; };
		FBECDECD2BD25B71005B11B7 /* Assets.xcassets in Resources */ = {isa = PBXBuildFile; fileRef = FBECDECC2BD25B71005B11B7 /* Assets.xcassets */; };
		FBECDED02BD25B71005B11B7 /* Base in Resources */ = {isa = PBXBuildFile; fileRef = FBECDECF2BD25B71005B11B7 /* Base */; };
		FBECDED82BD26567005B11B7 /* ArticleViewController.swift in Sources */ = {isa = PBXBuildFile; fileRef = FBECDED72BD26567005B11B7 /* ArticleViewController.swift */; };
		FBECDEDA2BD2821D005B11B7 /* NewsCell.swift in Sources */ = {isa = PBXBuildFile; fileRef = FBECDED92BD2821D005B11B7 /* NewsCell.swift */; };
		FBECDEDE2BD28E63005B11B7 /* NewsModel.swift in Sources */ = {isa = PBXBuildFile; fileRef = FBECDEDD2BD28E63005B11B7 /* NewsModel.swift */; };
/* End PBXBuildFile section */

/* Begin PBXFileReference section */
		FBECDEC02BD25B6F005B11B7 /* imediApp.app */ = {isa = PBXFileReference; explicitFileType = wrapper.application; includeInIndex = 0; path = imediApp.app; sourceTree = BUILT_PRODUCTS_DIR; };
		FBECDEC32BD25B6F005B11B7 /* AppDelegate.swift */ = {isa = PBXFileReference; lastKnownFileType = sourcecode.swift; path = AppDelegate.swift; sourceTree = "<group>"; };
		FBECDEC52BD25B6F005B11B7 /* SceneDelegate.swift */ = {isa = PBXFileReference; lastKnownFileType = sourcecode.swift; path = SceneDelegate.swift; sourceTree = "<group>"; };
		FBECDEC72BD25B6F005B11B7 /* NewsPageViewController.swift */ = {isa = PBXFileReference; lastKnownFileType = sourcecode.swift; path = NewsPageViewController.swift; sourceTree = "<group>"; };
		FBECDECC2BD25B71005B11B7 /* Assets.xcassets */ = {isa = PBXFileReference; lastKnownFileType = folder.assetcatalog; path = Assets.xcassets; sourceTree = "<group>"; };
		FBECDECF2BD25B71005B11B7 /* Base */ = {isa = PBXFileReference; lastKnownFileType = file.storyboard; name = Base; path = Base.lproj/LaunchScreen.storyboard; sourceTree = "<group>"; };
		FBECDED12BD25B71005B11B7 /* Info.plist */ = {isa = PBXFileReference; lastKnownFileType = text.plist.xml; path = Info.plist; sourceTree = "<group>"; };
		FBECDED72BD26567005B11B7 /* ArticleViewController.swift */ = {isa = PBXFileReference; lastKnownFileType = sourcecode.swift; path = ArticleViewController.swift; sourceTree = "<group>"; };
		FBECDED92BD2821D005B11B7 /* NewsCell.swift */ = {isa = PBXFileReference; lastKnownFileType = sourcecode.swift; path = NewsCell.swift; sourceTree = "<group>"; };
		FBECDEDD2BD28E63005B11B7 /* NewsModel.swift */ = {isa = PBXFileReference; lastKnownFileType = sourcecode.swift; path = NewsModel.swift; sourceTree = "<group>"; };
/* End PBXFileReference section */

/* Begin PBXFrameworksBuildPhase section */
		FBECDEBD2BD25B6F005B11B7 /* Frameworks */ = {
			isa = PBXFrameworksBuildPhase;
			buildActionMask = 2147483647;
			files = (
			);
			runOnlyForDeploymentPostprocessing = 0;
		};
/* End PBXFrameworksBuildPhase section */

/* Begin PBXGroup section */
		FBECDEB72BD25B6F005B11B7 = {
			isa = PBXGroup;
			children = (
				FBECDEC22BD25B6F005B11B7 /* imediApp */,
				FBECDEC12BD25B6F005B11B7 /* Products */,
			);
			sourceTree = "<group>";
		};
		FBECDEC12BD25B6F005B11B7 /* Products */ = {
			isa = PBXGroup;
			children = (
				FBECDEC02BD25B6F005B11B7 /* imediApp.app */,
			);
			name = Products;
			sourceTree = "<group>";
		};
		FBECDEC22BD25B6F005B11B7 /* imediApp */ = {
			isa = PBXGroup;
			children = (
				FBECDEC32BD25B6F005B11B7 /* AppDelegate.swift */,
				FBECDEC52BD25B6F005B11B7 /* SceneDelegate.swift */,
				FBECDEC72BD25B6F005B11B7 /* NewsPageViewController.swift */,
				FBECDED72BD26567005B11B7 /* ArticleViewController.swift */,
				FBECDED92BD2821D005B11B7 /* NewsCell.swift */,
				FBECDEDD2BD28E63005B11B7 /* NewsModel.swift */,
				FBECDECC2BD25B71005B11B7 /* Assets.xcassets */,
				FBECDECE2BD25B71005B11B7 /* LaunchScreen.storyboard */,
				FBECDED12BD25B71005B11B7 /* Info.plist */,
			);
			path = imediApp;
			sourceTree = "<group>";
		};
/* End PBXGroup section */

/* Begin PBXNativeTarget section */
		FBECDEBF2BD25B6F005B11B7 /* imediApp */ = {
			isa = PBXNativeTarget;
			buildConfigurationList = FBECDED42BD25B71005B11B7 /* Build configuration list for PBXNativeTarget "imediApp" */;
			buildPhases = (
				FBECDEBC2BD25B6F005B11B7 /* Sources */,
				FBECDEBD2BD25B6F005B11B7 /* Frameworks */,
				FBECDEBE2BD25B6F005B11B7 /* Resources */,
			);
			buildRules = (
			);
			dependencies = (
			);
			name = imediApp;
			productName = imediApp;
			productReference = FBECDEC02BD25B6F005B11B7 /* imediApp.app */;
			productType = "com.apple.product-type.application";
		};
/* End PBXNativeTarget section */

/* Begin PBXProject section */
		FBECDEB82BD25B6F005B11B7 /* Project object */ = {
			isa = PBXProject;
			attributes = {
				BuildIndependentTargetsInParallel = 1;
				LastSwiftUpdateCheck = 1530;
				LastUpgradeCheck = 1530;
				TargetAttributes = {
					FBECDEBF2BD25B6F005B11B7 = {
						CreatedOnToolsVersion = 15.3;
					};
				};
			};
			buildConfigurationList = FBECDEBB2BD25B6F005B11B7 /* Build configuration list for PBXProject "imediApp" */;
			compatibilityVersion = "Xcode 14.0";
			developmentRegion = en;
			hasScannedForEncodings = 0;
			knownRegions = (
				en,
				Base,
			);
			mainGroup = FBECDEB72BD25B6F005B11B7;
			productRefGroup = FBECDEC12BD25B6F005B11B7 /* Products */;
			projectDirPath = "";
			projectRoot = "";
			targets = (
				FBECDEBF2BD25B6F005B11B7 /* imediApp */,
			);
		};
/* End PBXProject section */

/* Begin PBXResourcesBuildPhase section */
		FBECDEBE2BD25B6F005B11B7 /* Resources */ = {
			isa = PBXResourcesBuildPhase;
			buildActionMask = 2147483647;
			files = (
				FBECDECD2BD25B71005B11B7 /* Assets.xcassets in Resources */,
				FBECDED02BD25B71005B11B7 /* Base in Resources */,
			);
			runOnlyForDeploymentPostprocessing = 0;
		};
/* End PBXResourcesBuildPhase section */

/* Begin PBXSourcesBuildPhase section */
		FBECDEBC2BD25B6F005B11B7 /* Sources */ = {
			isa = PBXSourcesBuildPhase;
			buildActionMask = 2147483647;
			files = (
				FBECDEC82BD25B6F005B11B7 /* NewsPageViewController.swift in Sources */,
				FBECDED82BD26567005B11B7 /* ArticleViewController.swift in Sources */,
				FBECDEC42BD25B6F005B11B7 /* AppDelegate.swift in Sources */,
				FBECDEC62BD25B6F005B11B7 /* SceneDelegate.swift in Sources */,
				FBECDEDE2BD28E63005B11B7 /* NewsModel.swift in Sources */,
				FBECDEDA2BD2821D005B11B7 /* NewsCell.swift in Sources */,
			);
			runOnlyForDeploymentPostprocessing = 0;
		};
/* End PBXSourcesBuildPhase section */

/* Begin PBXVariantGroup section */
		FBECDECE2BD25B71005B11B7 /* LaunchScreen.storyboard */ = {
			isa = PBXVariantGroup;
			children = (
				FBECDECF2BD25B71005B11B7 /* Base */,
			);
			name = LaunchScreen.storyboard;
			sourceTree = "<group>";
		};
/* End PBXVariantGroup section */

/* Begin XCBuildConfiguration section */
		FBECDED22BD25B71005B11B7 /* Debug */ = {
			isa = XCBuildConfiguration;
			buildSettings = {
				ALWAYS_SEARCH_USER_PATHS = NO;
				ASSETCATALOG_COMPILER_GENERATE_SWIFT_ASSET_SYMBOL_EXTENSIONS = YES;
				CLANG_ANALYZER_NONNULL = YES;
				CLANG_ANALYZER_NUMBER_OBJECT_CONVERSION = YES_AGGRESSIVE;
				CLANG_CXX_LANGUAGE_STANDARD = "gnu++20";
				CLANG_ENABLE_MODULES = YES;
				CLANG_ENABLE_OBJC_ARC = YES;
				CLANG_ENABLE_OBJC_WEAK = YES;
				CLANG_WARN_BLOCK_CAPTURE_AUTORELEASING = YES;
				CLANG_WARN_BOOL_CONVERSION = YES;
				CLANG_WARN_COMMA = YES;
				CLANG_WARN_CONSTANT_CONVERSION = YES;
				CLANG_WARN_DEPRECATED_OBJC_IMPLEMENTATIONS = YES;
				CLANG_WARN_DIRECT_OBJC_ISA_USAGE = YES_ERROR;
				CLANG_WARN_DOCUMENTATION_COMMENTS = YES;
				CLANG_WARN_EMPTY_BODY = YES;
				CLANG_WARN_ENUM_CONVERSION = YES;
				CLANG_WARN_INFINITE_RECURSION = YES;
				CLANG_WARN_INT_CONVERSION = YES;
				CLANG_WARN_NON_LITERAL_NULL_CONVERSION = YES;
				CLANG_WARN_OBJC_IMPLICIT_RETAIN_SELF = YES;
				CLANG_WARN_OBJC_LITERAL_CONVERSION = YES;
				CLANG_WARN_OBJC_ROOT_CLASS = YES_ERROR;
				CLANG_WARN_QUOTED_INCLUDE_IN_FRAMEWORK_HEADER = YES;
				CLANG_WARN_RANGE_LOOP_ANALYSIS = YES;
				CLANG_WARN_STRICT_PROTOTYPES = YES;
				CLANG_WARN_SUSPICIOUS_MOVE = YES;
				CLANG_WARN_UNGUARDED_AVAILABILITY = YES_AGGRESSIVE;
				CLANG_WARN_UNREACHABLE_CODE = YES;
				CLANG_WARN__DUPLICATE_METHOD_MATCH = YES;
				COPY_PHASE_STRIP = NO;
				DEBUG_INFORMATION_FORMAT = dwarf;
				ENABLE_STRICT_OBJC_MSGSEND = YES;
				ENABLE_TESTABILITY = YES;
				ENABLE_USER_SCRIPT_SANDBOXING = YES;
				GCC_C_LANGUAGE_STANDARD = gnu17;
				GCC_DYNAMIC_NO_PIC = NO;
				GCC_NO_COMMON_BLOCKS = YES;
				GCC_OPTIMIZATION_LEVEL = 0;
				GCC_PREPROCESSOR_DEFINITIONS = (
					"DEBUG=1",
					"$(inherited)",
				);
				GCC_WARN_64_TO_32_BIT_CONVERSION = YES;
				GCC_WARN_ABOUT_RETURN_TYPE = YES_ERROR;
				GCC_WARN_UNDECLARED_SELECTOR = YES;
				GCC_WARN_UNINITIALIZED_AUTOS = YES_AGGRESSIVE;
				GCC_WARN_UNUSED_FUNCTION = YES;
				GCC_WARN_UNUSED_VARIABLE = YES;
				IPHONEOS_DEPLOYMENT_TARGET = 17.4;
				LOCALIZATION_PREFERS_STRING_CATALOGS = YES;
				MTL_ENABLE_DEBUG_INFO = INCLUDE_SOURCE;
				MTL_FAST_MATH = YES;
				ONLY_ACTIVE_ARCH = YES;
				SDKROOT = iphoneos;
				SWIFT_ACTIVE_COMPILATION_CONDITIONS = "DEBUG $(inherited)";
				SWIFT_OPTIMIZATION_LEVEL = "-Onone";
			};
			name = Debug;
		};
		FBECDED32BD25B71005B11B7 /* Release */ = {
			isa = XCBuildConfiguration;
			buildSettings = {
				ALWAYS_SEARCH_USER_PATHS = NO;
				ASSETCATALOG_COMPILER_GENERATE_SWIFT_ASSET_SYMBOL_EXTENSIONS = YES;
				CLANG_ANALYZER_NONNULL = YES;
				CLANG_ANALYZER_NUMBER_OBJECT_CONVERSION = YES_AGGRESSIVE;
				CLANG_CXX_LANGUAGE_STANDARD = "gnu++20";
				CLANG_ENABLE_MODULES = YES;
				CLANG_ENABLE_OBJC_ARC = YES;
				CLANG_ENABLE_OBJC_WEAK = YES;
				CLANG_WARN_BLOCK_CAPTURE_AUTORELEASING = YES;
				CLANG_WARN_BOOL_CONVERSION = YES;
				CLANG_WARN_COMMA = YES;
				CLANG_WARN_CONSTANT_CONVERSION = YES;
				CLANG_WARN_DEPRECATED_OBJC_IMPLEMENTATIONS = YES;
				CLANG_WARN_DIRECT_OBJC_ISA_USAGE = YES_ERROR;
				CLANG_WARN_DOCUMENTATION_COMMENTS = YES;
				CLANG_WARN_EMPTY_BODY = YES;
				CLANG_WARN_ENUM_CONVERSION = YES;
				CLANG_WARN_INFINITE_RECURSION = YES;
				CLANG_WARN_INT_CONVERSION = YES;
				CLANG_WARN_NON_LITERAL_NULL_CONVERSION = YES;
				CLANG_WARN_OBJC_IMPLICIT_RETAIN_SELF = YES;
				CLANG_WARN_OBJC_LITERAL_CONVERSION = YES;
				CLANG_WARN_OBJC_ROOT_CLASS = YES_ERROR;
				CLANG_WARN_QUOTED_INCLUDE_IN_FRAMEWORK_HEADER = YES;
				CLANG_WARN_RANGE_LOOP_ANALYSIS = YES;
				CLANG_WARN_STRICT_PROTOTYPES = YES;
				CLANG_WARN_SUSPICIOUS_MOVE = YES;
				CLANG_WARN_UNGUARDED_AVAILABILITY = YES_AGGRESSIVE;
				CLANG_WARN_UNREACHABLE_CODE = YES;
				CLANG_WARN__DUPLICATE_METHOD_MATCH = YES;
				COPY_PHASE_STRIP = NO;
				DEBUG_INFORMATION_FORMAT = "dwarf-with-dsym";
				ENABLE_NS_ASSERTIONS = NO;
				ENABLE_STRICT_OBJC_MSGSEND = YES;
				ENABLE_USER_SCRIPT_SANDBOXING = YES;
				GCC_C_LANGUAGE_STANDARD = gnu17;
				GCC_NO_COMMON_BLOCKS = YES;
				GCC_WARN_64_TO_32_BIT_CONVERSION = YES;
				GCC_WARN_ABOUT_RETURN_TYPE = YES_ERROR;
				GCC_WARN_UNDECLARED_SELECTOR = YES;
				GCC_WARN_UNINITIALIZED_AUTOS = YES_AGGRESSIVE;
				GCC_WARN_UNUSED_FUNCTION = YES;
				GCC_WARN_UNUSED_VARIABLE = YES;
				IPHONEOS_DEPLOYMENT_TARGET = 17.4;
				LOCALIZATION_PREFERS_STRING_CATALOGS = YES;
				MTL_ENABLE_DEBUG_INFO = NO;
				MTL_FAST_MATH = YES;
				SDKROOT = iphoneos;
				SWIFT_COMPILATION_MODE = wholemodule;
				VALIDATE_PRODUCT = YES;
			};
			name = Release;
		};
		FBECDED52BD25B71005B11B7 /* Debug */ = {
			isa = XCBuildConfiguration;
			buildSettings = {
				ASSETCATALOG_COMPILER_APPICON_NAME = AppIcon;
				ASSETCATALOG_COMPILER_GLOBAL_ACCENT_COLOR_NAME = AccentColor;
				CODE_SIGN_STYLE = Automatic;
				CURRENT_PROJECT_VERSION = 1;
				GENERATE_INFOPLIST_FILE = YES;
				INFOPLIST_FILE = imediApp/Info.plist;
				INFOPLIST_KEY_UIApplicationSupportsIndirectInputEvents = YES;
				INFOPLIST_KEY_UILaunchStoryboardName = LaunchScreen;
				INFOPLIST_KEY_UISupportedInterfaceOrientations_iPad = "UIInterfaceOrientationPortrait UIInterfaceOrientationPortraitUpsideDown UIInterfaceOrientationLandscapeLeft UIInterfaceOrientationLandscapeRight";
				INFOPLIST_KEY_UISupportedInterfaceOrientations_iPhone = "UIInterfaceOrientationPortrait UIInterfaceOrientationLandscapeLeft UIInterfaceOrientationLandscapeRight";
				LD_RUNPATH_SEARCH_PATHS = (
					"$(inherited)",
					"@executable_path/Frameworks",
				);
				MARKETING_VERSION = 1.0;
				PRODUCT_BUNDLE_IDENTIFIER = TBC.imediApp;
				PRODUCT_NAME = "$(TARGET_NAME)";
				SWIFT_EMIT_LOC_STRINGS = YES;
				SWIFT_VERSION = 5.0;
				TARGETED_DEVICE_FAMILY = "1,2";
			};
			name = Debug;
		};
		FBECDED62BD25B71005B11B7 /* Release */ = {
			isa = XCBuildConfiguration;
			buildSettings = {
				ASSETCATALOG_COMPILER_APPICON_NAME = AppIcon;
				ASSETCATALOG_COMPILER_GLOBAL_ACCENT_COLOR_NAME = AccentColor;
				CODE_SIGN_STYLE = Automatic;
				CURRENT_PROJECT_VERSION = 1;
				GENERATE_INFOPLIST_FILE = YES;
				INFOPLIST_FILE = imediApp/Info.plist;
				INFOPLIST_KEY_UIApplicationSupportsIndirectInputEvents = YES;
				INFOPLIST_KEY_UILaunchStoryboardName = LaunchScreen;
				INFOPLIST_KEY_UISupportedInterfaceOrientations_iPad = "UIInterfaceOrientationPortrait UIInterfaceOrientationPortraitUpsideDown UIInterfaceOrientationLandscapeLeft UIInterfaceOrientationLandscapeRight";
				INFOPLIST_KEY_UISupportedInterfaceOrientations_iPhone = "UIInterfaceOrientationPortrait UIInterfaceOrientationLandscapeLeft UIInterfaceOrientationLandscapeRight";
				LD_RUNPATH_SEARCH_PATHS = (
					"$(inherited)",
					"@executable_path/Frameworks",
				);
				MARKETING_VERSION = 1.0;
				PRODUCT_BUNDLE_IDENTIFIER = TBC.imediApp;
				PRODUCT_NAME = "$(TARGET_NAME)";
				SWIFT_EMIT_LOC_STRINGS = YES;
				SWIFT_VERSION = 5.0;
				TARGETED_DEVICE_FAMILY = "1,2";
			};
			name = Release;
		};
/* End XCBuildConfiguration section */

/* Begin XCConfigurationList section */
		FBECDEBB2BD25B6F005B11B7 /* Build configuration list for PBXProject "imediApp" */ = {
			isa = XCConfigurationList;
			buildConfigurations = (
				FBECDED22BD25B71005B11B7 /* Debug */,
				FBECDED32BD25B71005B11B7 /* Release */,
			);
			defaultConfigurationIsVisible = 0;
			defaultConfigurationName = Release;
		};
		FBECDED42BD25B71005B11B7 /* Build configuration list for PBXNativeTarget "imediApp" */ = {
			isa = XCConfigurationList;
			buildConfigurations = (
				FBECDED52BD25B71005B11B7 /* Debug */,
				FBECDED62BD25B71005B11B7 /* Release */,
			);
			defaultConfigurationIsVisible = 0;
			defaultConfigurationName = Release;
		};
/* End XCConfigurationList section */
	};
	rootObject = FBECDEB82BD25B6F005B11B7 /* Project object */;
}
